
Microsoft Visual Studio Solution File, Format Version 12.00
# Visual Studio Version 16
VisualStudioVersion = 16.0.32126.315
MinimumVisualStudioVersion = 10.0.40219.1
Project("{FAE04EC0-301F-11D3-BF4B-00C04F79EFBC}") = "BubbleSort", "BubbleSort\BubbleSort.csproj", "{538825C9-E69B-4AD1-848E-74B9EABD1631}"
EndProject
Global
	GlobalSection(SolutionConfigurationPlatforms) = preSolution
		Debug|Any CPU = Debug|Any CPU
		Release|Any CPU = Release|Any CPU
	EndGlobalSection
	GlobalSection(ProjectConfigurationPlatforms) = postSolution
		{538825C9-E69B-4AD1-848E-74B9EABD1631}.Debug|Any CPU.ActiveCfg = Debug|Any CPU
		{538825C9-E69B-4AD1-848E-74B9EABD1631}.Debug|Any CPU.Build.0 = Debug|Any CPU
		{538825C9-E69B-4AD1-848E-74B9EABD1631}.Release|Any CPU.ActiveCfg = Release|Any CPU
		{538825C9-E69B-4AD1-848E-74B9EABD1631}.Release|Any CPU.Build.0 = Release|Any CPU
	EndGlobalSection
	GlobalSection(SolutionProperties) = preSolution
		HideSolutionNode = FALSE
	EndGlobalSection
	GlobalSection(ExtensibilityGlobals) = postSolution
		SolutionGuid = {2D28F9ED-0653-4EF3-B6C4-DFD821A43E33}
	EndGlobalSection
EndGlobal
